
Microsoft Visual Studio Solution File, Format Version 12.00
# Visual Studio Version 17
VisualStudioVersion = 17.10.35004.147
MinimumVisualStudioVersion = 10.0.40219.1
Project("{FAE04EC0-301F-11D3-BF4B-00C04F79EFBC}") = "KH.Lab.RulesEngineLab", "KH.Lab.RulesEngineLab\KH.Lab.RulesEngineLab.csproj", "{DB79D939-5EB3-4B05-9102-FFBFE093FD40}"
EndProject
Project("{FAE04EC0-301F-11D3-BF4B-00C04F79EFBC}") = "KH.Lab.RulesEnglineService", "KH.Lab.RulesEnglineService\KH.Lab.RulesEnglineService.csproj", "{7992BEF4-0DA2-4A00-8CE3-BF7F08E204FA}"
EndProject
Global
	GlobalSection(SolutionConfigurationPlatforms) = preSolution
		Debug|Any CPU = Debug|Any CPU
		Release|Any CPU = Release|Any CPU
	EndGlobalSection
	GlobalSection(ProjectConfigurationPlatforms) = postSolution
		{DB79D939-5EB3-4B05-9102-FFBFE093FD40}.Debug|Any CPU.ActiveCfg = Debug|Any CPU
		{DB79D939-5EB3-4B05-9102-FFBFE093FD40}.Debug|Any CPU.Build.0 = Debug|Any CPU
		{DB79D939-5EB3-4B05-9102-FFBFE093FD40}.Release|Any CPU.ActiveCfg = Release|Any CPU
		{DB79D939-5EB3-4B05-9102-FFBFE093FD40}.Release|Any CPU.Build.0 = Release|Any CPU
		{7992BEF4-0DA2-4A00-8CE3-BF7F08E204FA}.Debug|Any CPU.ActiveCfg = Debug|Any CPU
		{7992BEF4-0DA2-4A00-8CE3-BF7F08E204FA}.Debug|Any CPU.Build.0 = Debug|Any CPU
		{7992BEF4-0DA2-4A00-8CE3-BF7F08E204FA}.Release|Any CPU.ActiveCfg = Release|Any CPU
		{7992BEF4-0DA2-4A00-8CE3-BF7F08E204FA}.Release|Any CPU.Build.0 = Release|Any CPU
	EndGlobalSection
	GlobalSection(SolutionProperties) = preSolution
		HideSolutionNode = FALSE
	EndGlobalSection
	GlobalSection(ExtensibilityGlobals) = postSolution
		SolutionGuid = {21D1B3AA-783C-4F96-BC28-766057037050}
	EndGlobalSection
EndGlobal
